
Microsoft Visual Studio Solution File, Format Version 12.00
# Visual Studio 15
VisualStudioVersion = 15.0.28307.329
MinimumVisualStudioVersion = 10.0.40219.1
Project("{FAE04EC0-301F-11D3-BF4B-00C04F79EFBC}") = "CarServiceAPI", "CarServiceAPI\CarServiceAPI.csproj", "{67EBD9EE-F3A8-46BE-9F45-3610278DFD66}"
EndProject
Project("{FAE04EC0-301F-11D3-BF4B-00C04F79EFBC}") = "CarServiceAPI.ConsoleApp", "CarServiceAPI.ConsoleApp\CarServiceAPI.ConsoleApp.csproj", "{AFBD172B-4294-4579-9CFD-77D9C55B7403}"
EndProject
Project("{FAE04EC0-301F-11D3-BF4B-00C04F79EFBC}") = "CarServiceAPI.Test", "CarServiceAPI.Test\CarServiceAPI.Test.csproj", "{3E890BFD-2E96-4ABA-A95F-D49472087775}"
EndProject
Project("{FAE04EC0-301F-11D3-BF4B-00C04F79EFBC}") = "WinForm", "WinForm\WinForm.csproj", "{439199B3-5A15-4D3A-A9CB-03D755FD671C}"
EndProject
Global
	GlobalSection(SolutionConfigurationPlatforms) = preSolution
		Debug|Any CPU = Debug|Any CPU
		Release|Any CPU = Release|Any CPU
	EndGlobalSection
	GlobalSection(ProjectConfigurationPlatforms) = postSolution
		{67EBD9EE-F3A8-46BE-9F45-3610278DFD66}.Debug|Any CPU.ActiveCfg = Debug|Any CPU
		{67EBD9EE-F3A8-46BE-9F45-3610278DFD66}.Debug|Any CPU.Build.0 = Debug|Any CPU
		{67EBD9EE-F3A8-46BE-9F45-3610278DFD66}.Release|Any CPU.ActiveCfg = Release|Any CPU
		{67EBD9EE-F3A8-46BE-9F45-3610278DFD66}.Release|Any CPU.Build.0 = Release|Any CPU
		{AFBD172B-4294-4579-9CFD-77D9C55B7403}.Debug|Any CPU.ActiveCfg = Debug|Any CPU
		{AFBD172B-4294-4579-9CFD-77D9C55B7403}.Debug|Any CPU.Build.0 = Debug|Any CPU
		{AFBD172B-4294-4579-9CFD-77D9C55B7403}.Release|Any CPU.ActiveCfg = Release|Any CPU
		{AFBD172B-4294-4579-9CFD-77D9C55B7403}.Release|Any CPU.Build.0 = Release|Any CPU
		{3E890BFD-2E96-4ABA-A95F-D49472087775}.Debug|Any CPU.ActiveCfg = Debug|Any CPU
		{3E890BFD-2E96-4ABA-A95F-D49472087775}.Debug|Any CPU.Build.0 = Debug|Any CPU
		{3E890BFD-2E96-4ABA-A95F-D49472087775}.Release|Any CPU.ActiveCfg = Release|Any CPU
		{3E890BFD-2E96-4ABA-A95F-D49472087775}.Release|Any CPU.Build.0 = Release|Any CPU
		{439199B3-5A15-4D3A-A9CB-03D755FD671C}.Debug|Any CPU.ActiveCfg = Debug|Any CPU
		{439199B3-5A15-4D3A-A9CB-03D755FD671C}.Debug|Any CPU.Build.0 = Debug|Any CPU
		{439199B3-5A15-4D3A-A9CB-03D755FD671C}.Release|Any CPU.ActiveCfg = Release|Any CPU
		{439199B3-5A15-4D3A-A9CB-03D755FD671C}.Release|Any CPU.Build.0 = Release|Any CPU
	EndGlobalSection
	GlobalSection(SolutionProperties) = preSolution
		HideSolutionNode = FALSE
	EndGlobalSection
	GlobalSection(ExtensibilityGlobals) = postSolution
		SolutionGuid = {C2B038E0-AC2B-4F6F-8BBD-8F2B04CA15B2}
	EndGlobalSection
EndGlobal
